{
    "_meta": {
        "hash": {
            "sha256": "f5416511f5ab2f359c7d93c2d177827cf067d5bc93d8dd64b0e92fc46dd96f7d"
        },
        "pipfile-spec": 6,
        "requires": {
            "python_version": "3.14"
        },
        "sources": [
            {
                "name": "pypi",
                "url": "https://pypi.org/simple",
                "verify_ssl": true
            }
        ]
    },
    "default": {
        "click": {
            "hashes": [
                "sha256:14162b8b3b3550a7d479eafa77dfd3c38d9dc8951f6f69c78913a8f9a7540fd5",
                "sha256:1924d2c27c5653561cd2cae4548d1406039cb79b858b747cfea24924bbc1616d"
            ],
            "index": "pypi",
            "markers": "python_version >= '3.10'",
            "version": "==8.3.2"
        }
    },
    "develop": {}
}
